// !$*UTF8*$!
{
	archiveVersion = 1;
	classes = {
	};
	objectVersion = 56;
	objects = {

/* Begin PBXBuildFile section */
		F28284672B0BE51400AF496D /* KeyboardHelper+Register.swift in Sources */ = {isa = PBXBuildFile; fileRef = F28284662B0BE51400AF496D /* KeyboardHelper+Register.swift */; };
		F28284692B0BF70E00AF496D /* InputValidator+Register.swift in Sources */ = {isa = PBXBuildFile; fileRef = F28284682B0BF70E00AF496D /* InputValidator+Register.swift */; };
		F282846B2B0C0BD600AF496D /* ResetVM.swift in Sources */ = {isa = PBXBuildFile; fileRef = F282846A2B0C0BD600AF496D /* ResetVM.swift */; };
		F282846D2B0C0D5100AF496D /* ResetAssembler.swift in Sources */ = {isa = PBXBuildFile; fileRef = F282846C2B0C0D5100AF496D /* ResetAssembler.swift */; };
		F28284702B0C0E4700AF496D /* InputValidator+Reset.swift in Sources */ = {isa = PBXBuildFile; fileRef = F282846F2B0C0E4700AF496D /* InputValidator+Reset.swift */; };
		F2B976AF2AFE9434005ADC3B /* UIButton+Actions.swift in Sources */ = {isa = PBXBuildFile; fileRef = F2B976AE2AFE9434005ADC3B /* UIButton+Actions.swift */; };
		F2B976B12AFE9785005ADC3B /* LoginVM.swift in Sources */ = {isa = PBXBuildFile; fileRef = F2B976B02AFE9785005ADC3B /* LoginVM.swift */; };
		F2B976B32AFE97F3005ADC3B /* LoginAssembler.swift in Sources */ = {isa = PBXBuildFile; fileRef = F2B976B22AFE97F3005ADC3B /* LoginAssembler.swift */; };
		F2B976B92AFEA1BD005ADC3B /* InputValidator.swift in Sources */ = {isa = PBXBuildFile; fileRef = F2B976B82AFEA1BD005ADC3B /* InputValidator.swift */; };
		F2B976BC2AFEA814005ADC3B /* InputValidator+Login.swift in Sources */ = {isa = PBXBuildFile; fileRef = F2B976BB2AFEA814005ADC3B /* InputValidator+Login.swift */; };
		F2B976C02B0112A8005ADC3B /* Localization+Auth.swift in Sources */ = {isa = PBXBuildFile; fileRef = F2B976BF2B0112A8005ADC3B /* Localization+Auth.swift */; };
		F2B976C42B017C32005ADC3B /* LineTextField+Set.swift in Sources */ = {isa = PBXBuildFile; fileRef = F2B976C32B017C32005ADC3B /* LineTextField+Set.swift */; };
		F2BE85AB2B03DB880058A64D /* RegisterPresenter.swift in Sources */ = {isa = PBXBuildFile; fileRef = F2BE85AA2B03DB880058A64D /* RegisterPresenter.swift */; };
		F2BE85AD2B03E1490058A64D /* RegisterAssembler.swift in Sources */ = {isa = PBXBuildFile; fileRef = F2BE85AC2B03E1490058A64D /* RegisterAssembler.swift */; };
		F2BE85B02B03E54B0058A64D /* KeyboardHelper.swift in Sources */ = {isa = PBXBuildFile; fileRef = F2BE85AF2B03E54B0058A64D /* KeyboardHelper.swift */; };
		F2E6B8A42B0D124700F42C7E /* AppCoordinator.swift in Sources */ = {isa = PBXBuildFile; fileRef = F2E6B8A32B0D124700F42C7E /* AppCoordinator.swift */; };
		F2E6B8A72B0D129B00F42C7E /* Coordinator.swift in Sources */ = {isa = PBXBuildFile; fileRef = F2E6B8A62B0D129B00F42C7E /* Coordinator.swift */; };
		F2E6B8AA2B0D1B7000F42C7E /* LoginCoordinator.swift in Sources */ = {isa = PBXBuildFile; fileRef = F2E6B8A92B0D1B7000F42C7E /* LoginCoordinator.swift */; };
		F2E6B8AD2B0D24D200F42C7E /* RegisteCoordinator.swift in Sources */ = {isa = PBXBuildFile; fileRef = F2E6B8AC2B0D24D200F42C7E /* RegisteCoordinator.swift */; };
		F2E6B8C92B13D77E00F42C7E /* ResetCoordinator.swift in Sources */ = {isa = PBXBuildFile; fileRef = F2E6B8C82B13D77E00F42C7E /* ResetCoordinator.swift */; };
		F2E6B8CC2B13E02700F42C7E /* KeyboardHelper+Login.swift in Sources */ = {isa = PBXBuildFile; fileRef = F2E6B8CB2B13E02700F42C7E /* KeyboardHelper+Login.swift */; };
		F2E6B8CE2B13E8D800F42C7E /* KeyboardHelper+Reset.swift in Sources */ = {isa = PBXBuildFile; fileRef = F2E6B8CD2B13E8D800F42C7E /* KeyboardHelper+Reset.swift */; };
		F2F3EA5F2AF15F710019445B /* View+Layer.swift in Sources */ = {isa = PBXBuildFile; fileRef = F2F3EA5E2AF15F710019445B /* View+Layer.swift */; };
		F2F3EA622AF160440019445B /* UIButton+Styles.swift in Sources */ = {isa = PBXBuildFile; fileRef = F2F3EA612AF160440019445B /* UIButton+Styles.swift */; };
		F2F3EA652AF16ECA0019445B /* LineTextField.swift in Sources */ = {isa = PBXBuildFile; fileRef = F2F3EA642AF16ECA0019445B /* LineTextField.swift */; };
		F2F3EA682AF55E3D0019445B /* RegisterVC.swift in Sources */ = {isa = PBXBuildFile; fileRef = F2F3EA672AF55E3D0019445B /* RegisterVC.swift */; };
		F2F3EA6B2AF564E00019445B /* ResetVC.swift in Sources */ = {isa = PBXBuildFile; fileRef = F2F3EA6A2AF564E00019445B /* ResetVC.swift */; };
		F2F3EA6F2AF69B720019445B /* Localizable.strings in Resources */ = {isa = PBXBuildFile; fileRef = F2F3EA712AF69B720019445B /* Localizable.strings */; };
		F2F3EA742AF6ACDC0019445B /* String+Locale.swift in Sources */ = {isa = PBXBuildFile; fileRef = F2F3EA732AF6ACDC0019445B /* String+Locale.swift */; };
		F2FD43772AE825000068A5CB /* AppDelegate.swift in Sources */ = {isa = PBXBuildFile; fileRef = F2FD43762AE825000068A5CB /* AppDelegate.swift */; };
		F2FD43792AE825000068A5CB /* SceneDelegate.swift in Sources */ = {isa = PBXBuildFile; fileRef = F2FD43782AE825000068A5CB /* SceneDelegate.swift */; };
		F2FD43802AE825020068A5CB /* Assets.xcassets in Resources */ = {isa = PBXBuildFile; fileRef = F2FD437F2AE825020068A5CB /* Assets.xcassets */; };
		F2FD43832AE825020068A5CB /* LaunchScreen.storyboard in Resources */ = {isa = PBXBuildFile; fileRef = F2FD43812AE825020068A5CB /* LaunchScreen.storyboard */; };
		F2FD438E2AE82E810068A5CB /* UIColor+Consts.swift in Sources */ = {isa = PBXBuildFile; fileRef = F2FD438D2AE82E810068A5CB /* UIColor+Consts.swift */; };
		F2FD43902AE834E70068A5CB /* UIFont+Consts.swift in Sources */ = {isa = PBXBuildFile; fileRef = F2FD438F2AE834E70068A5CB /* UIFont+Consts.swift */; };
		F2FD43922AE838290068A5CB /* UIImage+Consts.swift in Sources */ = {isa = PBXBuildFile; fileRef = F2FD43912AE838290068A5CB /* UIImage+Consts.swift */; };
		F2FD43952AE83B2B0068A5CB /* SnapKit in Frameworks */ = {isa = PBXBuildFile; productRef = F2FD43942AE83B2B0068A5CB /* SnapKit */; };
		F2FD43972AE83B2B0068A5CB /* SnapKit-Dynamic in Frameworks */ = {isa = PBXBuildFile; productRef = F2FD43962AE83B2B0068A5CB /* SnapKit-Dynamic */; };
		F2FD439E2AE83DE10068A5CB /* LoginVC.swift in Sources */ = {isa = PBXBuildFile; fileRef = F2FD439D2AE83DE10068A5CB /* LoginVC.swift */; };
		F2FD43A02AE9BA330068A5CB /* UILabel+Styles.swift in Sources */ = {isa = PBXBuildFile; fileRef = F2FD439F2AE9BA330068A5CB /* UILabel+Styles.swift */; };
		F2FD43A22AE9BB720068A5CB /* UIView+Styles.swift in Sources */ = {isa = PBXBuildFile; fileRef = F2FD43A12AE9BB720068A5CB /* UIView+Styles.swift */; };
/* End PBXBuildFile section */

/* Begin PBXFileReference section */
		F28284662B0BE51400AF496D /* KeyboardHelper+Register.swift */ = {isa = PBXFileReference; lastKnownFileType = sourcecode.swift; path = "KeyboardHelper+Register.swift"; sourceTree = "<group>"; };
		F28284682B0BF70E00AF496D /* InputValidator+Register.swift */ = {isa = PBXFileReference; lastKnownFileType = sourcecode.swift; path = "InputValidator+Register.swift"; sourceTree = "<group>"; };
		F282846A2B0C0BD600AF496D /* ResetVM.swift */ = {isa = PBXFileReference; lastKnownFileType = sourcecode.swift; path = ResetVM.swift; sourceTree = "<group>"; };
		F282846C2B0C0D5100AF496D /* ResetAssembler.swift */ = {isa = PBXFileReference; lastKnownFileType = sourcecode.swift; path = ResetAssembler.swift; sourceTree = "<group>"; };
		F282846F2B0C0E4700AF496D /* InputValidator+Reset.swift */ = {isa = PBXFileReference; lastKnownFileType = sourcecode.swift; path = "InputValidator+Reset.swift"; sourceTree = "<group>"; };
		F2B976AE2AFE9434005ADC3B /* UIButton+Actions.swift */ = {isa = PBXFileReference; lastKnownFileType = sourcecode.swift; path = "UIButton+Actions.swift"; sourceTree = "<group>"; };
		F2B976B02AFE9785005ADC3B /* LoginVM.swift */ = {isa = PBXFileReference; lastKnownFileType = sourcecode.swift; path = LoginVM.swift; sourceTree = "<group>"; };
		F2B976B22AFE97F3005ADC3B /* LoginAssembler.swift */ = {isa = PBXFileReference; lastKnownFileType = sourcecode.swift; path = LoginAssembler.swift; sourceTree = "<group>"; };
		F2B976B82AFEA1BD005ADC3B /* InputValidator.swift */ = {isa = PBXFileReference; lastKnownFileType = sourcecode.swift; path = InputValidator.swift; sourceTree = "<group>"; };
		F2B976BB2AFEA814005ADC3B /* InputValidator+Login.swift */ = {isa = PBXFileReference; lastKnownFileType = sourcecode.swift; path = "InputValidator+Login.swift"; sourceTree = "<group>"; };
		F2B976BF2B0112A8005ADC3B /* Localization+Auth.swift */ = {isa = PBXFileReference; lastKnownFileType = sourcecode.swift; path = "Localization+Auth.swift"; sourceTree = "<group>"; };
		F2B976C32B017C32005ADC3B /* LineTextField+Set.swift */ = {isa = PBXFileReference; lastKnownFileType = sourcecode.swift; path = "LineTextField+Set.swift"; sourceTree = "<group>"; };
		F2BE85AA2B03DB880058A64D /* RegisterPresenter.swift */ = {isa = PBXFileReference; lastKnownFileType = sourcecode.swift; path = RegisterPresenter.swift; sourceTree = "<group>"; };
		F2BE85AC2B03E1490058A64D /* RegisterAssembler.swift */ = {isa = PBXFileReference; lastKnownFileType = sourcecode.swift; path = RegisterAssembler.swift; sourceTree = "<group>"; };
		F2BE85AF2B03E54B0058A64D /* KeyboardHelper.swift */ = {isa = PBXFileReference; lastKnownFileType = sourcecode.swift; path = KeyboardHelper.swift; sourceTree = "<group>"; };
		F2E6B8A32B0D124700F42C7E /* AppCoordinator.swift */ = {isa = PBXFileReference; lastKnownFileType = sourcecode.swift; path = AppCoordinator.swift; sourceTree = "<group>"; };
		F2E6B8A62B0D129B00F42C7E /* Coordinator.swift */ = {isa = PBXFileReference; lastKnownFileType = sourcecode.swift; path = Coordinator.swift; sourceTree = "<group>"; };
		F2E6B8A92B0D1B7000F42C7E /* LoginCoordinator.swift */ = {isa = PBXFileReference; lastKnownFileType = sourcecode.swift; path = LoginCoordinator.swift; sourceTree = "<group>"; };
		F2E6B8AC2B0D24D200F42C7E /* RegisteCoordinator.swift */ = {isa = PBXFileReference; lastKnownFileType = sourcecode.swift; path = RegisteCoordinator.swift; sourceTree = "<group>"; };
		F2E6B8C82B13D77E00F42C7E /* ResetCoordinator.swift */ = {isa = PBXFileReference; lastKnownFileType = sourcecode.swift; path = ResetCoordinator.swift; sourceTree = "<group>"; };
		F2E6B8CB2B13E02700F42C7E /* KeyboardHelper+Login.swift */ = {isa = PBXFileReference; lastKnownFileType = sourcecode.swift; path = "KeyboardHelper+Login.swift"; sourceTree = "<group>"; };
		F2E6B8CD2B13E8D800F42C7E /* KeyboardHelper+Reset.swift */ = {isa = PBXFileReference; lastKnownFileType = sourcecode.swift; path = "KeyboardHelper+Reset.swift"; sourceTree = "<group>"; };
		F2F3EA5E2AF15F710019445B /* View+Layer.swift */ = {isa = PBXFileReference; lastKnownFileType = sourcecode.swift; path = "View+Layer.swift"; sourceTree = "<group>"; };
		F2F3EA612AF160440019445B /* UIButton+Styles.swift */ = {isa = PBXFileReference; lastKnownFileType = sourcecode.swift; path = "UIButton+Styles.swift"; sourceTree = "<group>"; };
		F2F3EA642AF16ECA0019445B /* LineTextField.swift */ = {isa = PBXFileReference; lastKnownFileType = sourcecode.swift; path = LineTextField.swift; sourceTree = "<group>"; };
		F2F3EA672AF55E3D0019445B /* RegisterVC.swift */ = {isa = PBXFileReference; lastKnownFileType = sourcecode.swift; path = RegisterVC.swift; sourceTree = "<group>"; };
		F2F3EA6A2AF564E00019445B /* ResetVC.swift */ = {isa = PBXFileReference; lastKnownFileType = sourcecode.swift; path = ResetVC.swift; sourceTree = "<group>"; };
		F2F3EA702AF69B720019445B /* en */ = {isa = PBXFileReference; lastKnownFileType = text.plist.strings; name = en; path = en.lproj/Localizable.strings; sourceTree = "<group>"; };
		F2F3EA722AF69C4E0019445B /* ru */ = {isa = PBXFileReference; lastKnownFileType = text.plist.strings; name = ru; path = ru.lproj/Localizable.strings; sourceTree = "<group>"; };
		F2F3EA732AF6ACDC0019445B /* String+Locale.swift */ = {isa = PBXFileReference; lastKnownFileType = sourcecode.swift; path = "String+Locale.swift"; sourceTree = "<group>"; };
		F2FD43732AE825000068A5CB /* NoteMe.app */ = {isa = PBXFileReference; explicitFileType = wrapper.application; includeInIndex = 0; path = NoteMe.app; sourceTree = BUILT_PRODUCTS_DIR; };
		F2FD43762AE825000068A5CB /* AppDelegate.swift */ = {isa = PBXFileReference; lastKnownFileType = sourcecode.swift; path = AppDelegate.swift; sourceTree = "<group>"; };
		F2FD43782AE825000068A5CB /* SceneDelegate.swift */ = {isa = PBXFileReference; lastKnownFileType = sourcecode.swift; path = SceneDelegate.swift; sourceTree = "<group>"; };
		F2FD437F2AE825020068A5CB /* Assets.xcassets */ = {isa = PBXFileReference; lastKnownFileType = folder.assetcatalog; path = Assets.xcassets; sourceTree = "<group>"; };
		F2FD43822AE825020068A5CB /* Base */ = {isa = PBXFileReference; lastKnownFileType = file.storyboard; name = Base; path = Base.lproj/LaunchScreen.storyboard; sourceTree = "<group>"; };
		F2FD43842AE825020068A5CB /* Info.plist */ = {isa = PBXFileReference; lastKnownFileType = text.plist.xml; path = Info.plist; sourceTree = "<group>"; };
		F2FD438D2AE82E810068A5CB /* UIColor+Consts.swift */ = {isa = PBXFileReference; lastKnownFileType = sourcecode.swift; path = "UIColor+Consts.swift"; sourceTree = "<group>"; };
		F2FD438F2AE834E70068A5CB /* UIFont+Consts.swift */ = {isa = PBXFileReference; lastKnownFileType = sourcecode.swift; path = "UIFont+Consts.swift"; sourceTree = "<group>"; };
		F2FD43912AE838290068A5CB /* UIImage+Consts.swift */ = {isa = PBXFileReference; lastKnownFileType = sourcecode.swift; path = "UIImage+Consts.swift"; sourceTree = "<group>"; };
		F2FD439D2AE83DE10068A5CB /* LoginVC.swift */ = {isa = PBXFileReference; lastKnownFileType = sourcecode.swift; path = LoginVC.swift; sourceTree = "<group>"; };
		F2FD439F2AE9BA330068A5CB /* UILabel+Styles.swift */ = {isa = PBXFileReference; lastKnownFileType = sourcecode.swift; path = "UILabel+Styles.swift"; sourceTree = "<group>"; };
		F2FD43A12AE9BB720068A5CB /* UIView+Styles.swift */ = {isa = PBXFileReference; lastKnownFileType = sourcecode.swift; path = "UIView+Styles.swift"; sourceTree = "<group>"; };
/* End PBXFileReference section */

/* Begin PBXFrameworksBuildPhase section */
		F2FD43702AE825000068A5CB /* Frameworks */ = {
			isa = PBXFrameworksBuildPhase;
			buildActionMask = 2147483647;
			files = (
				F2FD43952AE83B2B0068A5CB /* SnapKit in Frameworks */,
				F2FD43972AE83B2B0068A5CB /* SnapKit-Dynamic in Frameworks */,
			);
			runOnlyForDeploymentPostprocessing = 0;
		};
/* End PBXFrameworksBuildPhase section */

/* Begin PBXGroup section */
		F28284652B0BE4E600AF496D /* UseCases */ = {
			isa = PBXGroup;
			children = (
				F28284662B0BE51400AF496D /* KeyboardHelper+Register.swift */,
				F28284682B0BF70E00AF496D /* InputValidator+Register.swift */,
			);
			path = UseCases;
			sourceTree = "<group>";
		};
		F282846E2B0C0E2E00AF496D /* UseCases */ = {
			isa = PBXGroup;
			children = (
				F282846F2B0C0E4700AF496D /* InputValidator+Reset.swift */,
				F2E6B8CD2B13E8D800F42C7E /* KeyboardHelper+Reset.swift */,
			);
			path = UseCases;
			sourceTree = "<group>";
		};
		F2B976B42AFEA152005ADC3B /* Services */ = {
			isa = PBXGroup;
			children = (
				F2E6B8A52B0D129000F42C7E /* Coordinator */,
				F2BE85AE2B03E5100058A64D /* KeyboardHelper */,
				F2B976B52AFEA16C005ADC3B /* InputValidator */,
			);
			path = Services;
			sourceTree = "<group>";
		};
		F2B976B52AFEA16C005ADC3B /* InputValidator */ = {
			isa = PBXGroup;
			children = (
				F2B976B82AFEA1BD005ADC3B /* InputValidator.swift */,
			);
			path = InputValidator;
			sourceTree = "<group>";
		};
		F2B976BA2AFEA7B5005ADC3B /* UseCases */ = {
			isa = PBXGroup;
			children = (
				F2B976BB2AFEA814005ADC3B /* InputValidator+Login.swift */,
				F2E6B8CB2B13E02700F42C7E /* KeyboardHelper+Login.swift */,
			);
			path = UseCases;
			sourceTree = "<group>";
		};
		F2B976BD2B01120A005ADC3B /* Localizations */ = {
			isa = PBXGroup;
			children = (
				F2B976BE2B011231005ADC3B /* Localization+Auth */,
			);
			path = Localizations;
			sourceTree = "<group>";
		};
		F2B976BE2B011231005ADC3B /* Localization+Auth */ = {
			isa = PBXGroup;
			children = (
				F2B976BF2B0112A8005ADC3B /* Localization+Auth.swift */,
			);
			path = "Localization+Auth";
			sourceTree = "<group>";
		};
		F2BE85AE2B03E5100058A64D /* KeyboardHelper */ = {
			isa = PBXGroup;
			children = (
				F2BE85AF2B03E54B0058A64D /* KeyboardHelper.swift */,
			);
			path = KeyboardHelper;
			sourceTree = "<group>";
		};
		F2E6B8A52B0D129000F42C7E /* Coordinator */ = {
			isa = PBXGroup;
			children = (
				F2E6B8A62B0D129B00F42C7E /* Coordinator.swift */,
			);
			path = Coordinator;
			sourceTree = "<group>";
		};
		F2E6B8A82B0D1B5C00F42C7E /* Coordinator */ = {
			isa = PBXGroup;
			children = (
				F2E6B8A92B0D1B7000F42C7E /* LoginCoordinator.swift */,
				F2B976B22AFE97F3005ADC3B /* LoginAssembler.swift */,
			);
			path = Coordinator;
			sourceTree = "<group>";
		};
		F2E6B8AB2B0D24AF00F42C7E /* Coordinator */ = {
			isa = PBXGroup;
			children = (
				F2E6B8AC2B0D24D200F42C7E /* RegisteCoordinator.swift */,
				F2BE85AC2B03E1490058A64D /* RegisterAssembler.swift */,
			);
			path = Coordinator;
			sourceTree = "<group>";
		};
		F2E6B8C72B13D76D00F42C7E /* Coordinator */ = {
			isa = PBXGroup;
			children = (
				F2E6B8C82B13D77E00F42C7E /* ResetCoordinator.swift */,
				F282846C2B0C0D5100AF496D /* ResetAssembler.swift */,
			);
			path = Coordinator;
			sourceTree = "<group>";
		};
		F2F3EA5D2AF15F560019445B /* Utiles */ = {
			isa = PBXGroup;
			children = (
				F2F3EA5E2AF15F710019445B /* View+Layer.swift */,
				F2F3EA732AF6ACDC0019445B /* String+Locale.swift */,
				F2B976AE2AFE9434005ADC3B /* UIButton+Actions.swift */,
				F2B976C32B017C32005ADC3B /* LineTextField+Set.swift */,
			);
			path = Utiles;
			sourceTree = "<group>";
		};
		F2F3EA602AF160220019445B /* Style */ = {
			isa = PBXGroup;
			children = (
				F2F3EA612AF160440019445B /* UIButton+Styles.swift */,
				F2FD439F2AE9BA330068A5CB /* UILabel+Styles.swift */,
				F2FD43A12AE9BB720068A5CB /* UIView+Styles.swift */,
			);
			path = Style;
			sourceTree = "<group>";
		};
		F2F3EA632AF16E9C0019445B /* Castom */ = {
			isa = PBXGroup;
			children = (
				F2F3EA642AF16ECA0019445B /* LineTextField.swift */,
			);
			path = Castom;
			sourceTree = "<group>";
		};
		F2F3EA662AF55D9F0019445B /* Register */ = {
			isa = PBXGroup;
			children = (
				F2E6B8AB2B0D24AF00F42C7E /* Coordinator */,
				F28284652B0BE4E600AF496D /* UseCases */,
				F2F3EA672AF55E3D0019445B /* RegisterVC.swift */,
				F2BE85AA2B03DB880058A64D /* RegisterPresenter.swift */,
			);
			path = Register;
			sourceTree = "<group>";
		};
		F2F3EA692AF564BA0019445B /* Reset */ = {
			isa = PBXGroup;
			children = (
				F2E6B8C72B13D76D00F42C7E /* Coordinator */,
				F282846E2B0C0E2E00AF496D /* UseCases */,
				F2F3EA6A2AF564E00019445B /* ResetVC.swift */,
				F282846A2B0C0BD600AF496D /* ResetVM.swift */,
			);
			path = Reset;
			sourceTree = "<group>";
		};
		F2F3EA6C2AF69A390019445B /* Localize */ = {
			isa = PBXGroup;
			children = (
				F2F3EA712AF69B720019445B /* Localizable.strings */,
			);
			path = Localize;
			sourceTree = "<group>";
		};
		F2FD436A2AE825000068A5CB = {
			isa = PBXGroup;
			children = (
				F2FD43752AE825000068A5CB /* NoteMe */,
				F2FD43812AE825020068A5CB /* LaunchScreen.storyboard */,
				F2FD43742AE825000068A5CB /* Products */,
			);
			sourceTree = "<group>";
		};
		F2FD43742AE825000068A5CB /* Products */ = {
			isa = PBXGroup;
			children = (
				F2FD43732AE825000068A5CB /* NoteMe.app */,
			);
			name = Products;
			sourceTree = "<group>";
		};
		F2FD43752AE825000068A5CB /* NoteMe */ = {
			isa = PBXGroup;
			children = (
				F2FD438A2AE82D2A0068A5CB /* App */,
				F2F3EA632AF16E9C0019445B /* Castom */,
				F2FD43982AE83D880068A5CB /* Modules */,
				F2FD438B2AE82DE70068A5CB /* Resourse */,
				F2B976B42AFEA152005ADC3B /* Services */,
				F2F3EA602AF160220019445B /* Style */,
				F2F3EA5D2AF15F560019445B /* Utiles */,
			);
			path = NoteMe;
			sourceTree = "<group>";
		};
		F2FD438A2AE82D2A0068A5CB /* App */ = {
			isa = PBXGroup;
			children = (
				F2FD43762AE825000068A5CB /* AppDelegate.swift */,
				F2FD43782AE825000068A5CB /* SceneDelegate.swift */,
				F2E6B8A32B0D124700F42C7E /* AppCoordinator.swift */,
				F2FD43842AE825020068A5CB /* Info.plist */,
			);
			path = App;
			sourceTree = "<group>";
		};
		F2FD438B2AE82DE70068A5CB /* Resourse */ = {
			isa = PBXGroup;
			children = (
				F2FD437F2AE825020068A5CB /* Assets.xcassets */,
				F2FD438C2AE82E3B0068A5CB /* Consts */,
				F2B976BD2B01120A005ADC3B /* Localizations */,
				F2F3EA6C2AF69A390019445B /* Localize */,
			);
			path = Resourse;
			sourceTree = "<group>";
		};
		F2FD438C2AE82E3B0068A5CB /* Consts */ = {
			isa = PBXGroup;
			children = (
				F2FD438D2AE82E810068A5CB /* UIColor+Consts.swift */,
				F2FD438F2AE834E70068A5CB /* UIFont+Consts.swift */,
				F2FD43912AE838290068A5CB /* UIImage+Consts.swift */,
			);
			path = Consts;
			sourceTree = "<group>";
		};
		F2FD43982AE83D880068A5CB /* Modules */ = {
			isa = PBXGroup;
			children = (
				F2FD439B2AE83DBF0068A5CB /* Auth */,
			);
			path = Modules;
			sourceTree = "<group>";
		};
		F2FD439B2AE83DBF0068A5CB /* Auth */ = {
			isa = PBXGroup;
			children = (
				F2FD439C2AE83DCA0068A5CB /* Login */,
				F2F3EA662AF55D9F0019445B /* Register */,
				F2F3EA692AF564BA0019445B /* Reset */,
			);
			path = Auth;
			sourceTree = "<group>";
		};
		F2FD439C2AE83DCA0068A5CB /* Login */ = {
			isa = PBXGroup;
			children = (
				F2E6B8A82B0D1B5C00F42C7E /* Coordinator */,
				F2B976BA2AFEA7B5005ADC3B /* UseCases */,
				F2FD439D2AE83DE10068A5CB /* LoginVC.swift */,
				F2B976B02AFE9785005ADC3B /* LoginVM.swift */,
			);
			path = Login;
			sourceTree = "<group>";
		};
/* End PBXGroup section */

/* Begin PBXNativeTarget section */
		F2FD43722AE825000068A5CB /* NoteMe */ = {
			isa = PBXNativeTarget;
			buildConfigurationList = F2FD43872AE825020068A5CB /* Build configuration list for PBXNativeTarget "NoteMe" */;
			buildPhases = (
				F2FD436F2AE825000068A5CB /* Sources */,
				F2FD43702AE825000068A5CB /* Frameworks */,
				F2FD43712AE825000068A5CB /* Resources */,
			);
			buildRules = (
			);
			dependencies = (
			);
			name = NoteMe;
			packageProductDependencies = (
				F2FD43942AE83B2B0068A5CB /* SnapKit */,
				F2FD43962AE83B2B0068A5CB /* SnapKit-Dynamic */,
			);
			productName = NoteMe;
			productReference = F2FD43732AE825000068A5CB /* NoteMe.app */;
			productType = "com.apple.product-type.application";
		};
/* End PBXNativeTarget section */

/* Begin PBXProject section */
		F2FD436B2AE825000068A5CB /* Project object */ = {
			isa = PBXProject;
			attributes = {
				BuildIndependentTargetsInParallel = 1;
				LastSwiftUpdateCheck = 1500;
				LastUpgradeCheck = 1500;
				TargetAttributes = {
					F2FD43722AE825000068A5CB = {
						CreatedOnToolsVersion = 15.0;
					};
				};
			};
			buildConfigurationList = F2FD436E2AE825000068A5CB /* Build configuration list for PBXProject "NoteMe" */;
			compatibilityVersion = "Xcode 14.0";
			developmentRegion = en;
			hasScannedForEncodings = 0;
			knownRegions = (
				en,
				Base,
				ru,
			);
			mainGroup = F2FD436A2AE825000068A5CB;
			packageReferences = (
				F2FD43932AE83B2B0068A5CB /* XCRemoteSwiftPackageReference "SnapKit" */,
			);
			productRefGroup = F2FD43742AE825000068A5CB /* Products */;
			projectDirPath = "";
			projectRoot = "";
			targets = (
				F2FD43722AE825000068A5CB /* NoteMe */,
			);
		};
/* End PBXProject section */

/* Begin PBXResourcesBuildPhase section */
		F2FD43712AE825000068A5CB /* Resources */ = {
			isa = PBXResourcesBuildPhase;
			buildActionMask = 2147483647;
			files = (
				F2FD43832AE825020068A5CB /* LaunchScreen.storyboard in Resources */,
				F2F3EA6F2AF69B720019445B /* Localizable.strings in Resources */,
				F2FD43802AE825020068A5CB /* Assets.xcassets in Resources */,
			);
			runOnlyForDeploymentPostprocessing = 0;
		};
/* End PBXResourcesBuildPhase section */

/* Begin PBXSourcesBuildPhase section */
		F2FD436F2AE825000068A5CB /* Sources */ = {
			isa = PBXSourcesBuildPhase;
			buildActionMask = 2147483647;
			files = (
				F2BE85B02B03E54B0058A64D /* KeyboardHelper.swift in Sources */,
				F28284702B0C0E4700AF496D /* InputValidator+Reset.swift in Sources */,
				F2FD43A02AE9BA330068A5CB /* UILabel+Styles.swift in Sources */,
				F2F3EA6B2AF564E00019445B /* ResetVC.swift in Sources */,
				F2B976BC2AFEA814005ADC3B /* InputValidator+Login.swift in Sources */,
				F2BE85AB2B03DB880058A64D /* RegisterPresenter.swift in Sources */,
				F2B976C42B017C32005ADC3B /* LineTextField+Set.swift in Sources */,
				F2FD43922AE838290068A5CB /* UIImage+Consts.swift in Sources */,
				F2FD43902AE834E70068A5CB /* UIFont+Consts.swift in Sources */,
				F2B976B12AFE9785005ADC3B /* LoginVM.swift in Sources */,
				F2E6B8AD2B0D24D200F42C7E /* RegisteCoordinator.swift in Sources */,
				F2FD439E2AE83DE10068A5CB /* LoginVC.swift in Sources */,
				F2B976B32AFE97F3005ADC3B /* LoginAssembler.swift in Sources */,
				F2E6B8A42B0D124700F42C7E /* AppCoordinator.swift in Sources */,
				F2FD43A22AE9BB720068A5CB /* UIView+Styles.swift in Sources */,
				F2E6B8AA2B0D1B7000F42C7E /* LoginCoordinator.swift in Sources */,
				F28284692B0BF70E00AF496D /* InputValidator+Register.swift in Sources */,
				F282846B2B0C0BD600AF496D /* ResetVM.swift in Sources */,
				F2E6B8CC2B13E02700F42C7E /* KeyboardHelper+Login.swift in Sources */,
				F2FD43772AE825000068A5CB /* AppDelegate.swift in Sources */,
				F2B976AF2AFE9434005ADC3B /* UIButton+Actions.swift in Sources */,
				F2F3EA622AF160440019445B /* UIButton+Styles.swift in Sources */,
				F2BE85AD2B03E1490058A64D /* RegisterAssembler.swift in Sources */,
				F2B976C02B0112A8005ADC3B /* Localization+Auth.swift in Sources */,
				F2F3EA742AF6ACDC0019445B /* String+Locale.swift in Sources */,
				F2F3EA652AF16ECA0019445B /* LineTextField.swift in Sources */,
				F2B976B92AFEA1BD005ADC3B /* InputValidator.swift in Sources */,
				F2E6B8A72B0D129B00F42C7E /* Coordinator.swift in Sources */,
				F2E6B8CE2B13E8D800F42C7E /* KeyboardHelper+Reset.swift in Sources */,
				F2FD438E2AE82E810068A5CB /* UIColor+Consts.swift in Sources */,
				F2F3EA5F2AF15F710019445B /* View+Layer.swift in Sources */,
				F282846D2B0C0D5100AF496D /* ResetAssembler.swift in Sources */,
				F2F3EA682AF55E3D0019445B /* RegisterVC.swift in Sources */,
				F2FD43792AE825000068A5CB /* SceneDelegate.swift in Sources */,
				F2E6B8C92B13D77E00F42C7E /* ResetCoordinator.swift in Sources */,
				F28284672B0BE51400AF496D /* KeyboardHelper+Register.swift in Sources */,
			);
			runOnlyForDeploymentPostprocessing = 0;
		};
/* End PBXSourcesBuildPhase section */

/* Begin PBXVariantGroup section */
		F2F3EA712AF69B720019445B /* Localizable.strings */ = {
			isa = PBXVariantGroup;
			children = (
				F2F3EA702AF69B720019445B /* en */,
				F2F3EA722AF69C4E0019445B /* ru */,
			);
			name = Localizable.strings;
			sourceTree = "<group>";
		};
		F2FD43812AE825020068A5CB /* LaunchScreen.storyboard */ = {
			isa = PBXVariantGroup;
			children = (
				F2FD43822AE825020068A5CB /* Base */,
			);
			name = LaunchScreen.storyboard;
			sourceTree = "<group>";
		};
/* End PBXVariantGroup section */

/* Begin XCBuildConfiguration section */
		F2FD43852AE825020068A5CB /* Debug */ = {
			isa = XCBuildConfiguration;
			buildSettings = {
				ALWAYS_SEARCH_USER_PATHS = NO;
				ASSETCATALOG_COMPILER_GENERATE_SWIFT_ASSET_SYMBOL_EXTENSIONS = YES;
				CLANG_ANALYZER_LOCALIZABILITY_NONLOCALIZED = YES;
				CLANG_ANALYZER_NONNULL = YES;
				CLANG_ANALYZER_NUMBER_OBJECT_CONVERSION = YES_AGGRESSIVE;
				CLANG_CXX_LANGUAGE_STANDARD = "gnu++20";
				CLANG_ENABLE_MODULES = YES;
				CLANG_ENABLE_OBJC_ARC = YES;
				CLANG_ENABLE_OBJC_WEAK = YES;
				CLANG_WARN_BLOCK_CAPTURE_AUTORELEASING = YES;
				CLANG_WARN_BOOL_CONVERSION = YES;
				CLANG_WARN_COMMA = YES;
				CLANG_WARN_CONSTANT_CONVERSION = YES;
				CLANG_WARN_DEPRECATED_OBJC_IMPLEMENTATIONS = YES;
				CLANG_WARN_DIRECT_OBJC_ISA_USAGE = YES_ERROR;
				CLANG_WARN_DOCUMENTATION_COMMENTS = YES;
				CLANG_WARN_EMPTY_BODY = YES;
				CLANG_WARN_ENUM_CONVERSION = YES;
				CLANG_WARN_INFINITE_RECURSION = YES;
				CLANG_WARN_INT_CONVERSION = YES;
				CLANG_WARN_NON_LITERAL_NULL_CONVERSION = YES;
				CLANG_WARN_OBJC_IMPLICIT_RETAIN_SELF = YES;
				CLANG_WARN_OBJC_LITERAL_CONVERSION = YES;
				CLANG_WARN_OBJC_ROOT_CLASS = YES_ERROR;
				CLANG_WARN_QUOTED_INCLUDE_IN_FRAMEWORK_HEADER = YES;
				CLANG_WARN_RANGE_LOOP_ANALYSIS = YES;
				CLANG_WARN_STRICT_PROTOTYPES = YES;
				CLANG_WARN_SUSPICIOUS_MOVE = YES;
				CLANG_WARN_UNGUARDED_AVAILABILITY = YES_AGGRESSIVE;
				CLANG_WARN_UNREACHABLE_CODE = YES;
				CLANG_WARN__DUPLICATE_METHOD_MATCH = YES;
				COPY_PHASE_STRIP = NO;
				DEBUG_INFORMATION_FORMAT = dwarf;
				ENABLE_STRICT_OBJC_MSGSEND = YES;
				ENABLE_TESTABILITY = YES;
				ENABLE_USER_SCRIPT_SANDBOXING = YES;
				GCC_C_LANGUAGE_STANDARD = gnu17;
				GCC_DYNAMIC_NO_PIC = NO;
				GCC_NO_COMMON_BLOCKS = YES;
				GCC_OPTIMIZATION_LEVEL = 0;
				GCC_PREPROCESSOR_DEFINITIONS = (
					"DEBUG=1",
					"$(inherited)",
				);
				GCC_WARN_64_TO_32_BIT_CONVERSION = YES;
				GCC_WARN_ABOUT_RETURN_TYPE = YES_ERROR;
				GCC_WARN_UNDECLARED_SELECTOR = YES;
				GCC_WARN_UNINITIALIZED_AUTOS = YES_AGGRESSIVE;
				GCC_WARN_UNUSED_FUNCTION = YES;
				GCC_WARN_UNUSED_VARIABLE = YES;
				IPHONEOS_DEPLOYMENT_TARGET = 17.0;
				LOCALIZATION_PREFERS_STRING_CATALOGS = YES;
				MTL_ENABLE_DEBUG_INFO = INCLUDE_SOURCE;
				MTL_FAST_MATH = YES;
				ONLY_ACTIVE_ARCH = YES;
				SDKROOT = iphoneos;
				SWIFT_ACTIVE_COMPILATION_CONDITIONS = "DEBUG $(inherited)";
				SWIFT_OPTIMIZATION_LEVEL = "-Onone";
			};
			name = Debug;
		};
		F2FD43862AE825020068A5CB /* Release */ = {
			isa = XCBuildConfiguration;
			buildSettings = {
				ALWAYS_SEARCH_USER_PATHS = NO;
				ASSETCATALOG_COMPILER_GENERATE_SWIFT_ASSET_SYMBOL_EXTENSIONS = YES;
				CLANG_ANALYZER_LOCALIZABILITY_NONLOCALIZED = YES;
				CLANG_ANALYZER_NONNULL = YES;
				CLANG_ANALYZER_NUMBER_OBJECT_CONVERSION = YES_AGGRESSIVE;
				CLANG_CXX_LANGUAGE_STANDARD = "gnu++20";
				CLANG_ENABLE_MODULES = YES;
				CLANG_ENABLE_OBJC_ARC = YES;
				CLANG_ENABLE_OBJC_WEAK = YES;
				CLANG_WARN_BLOCK_CAPTURE_AUTORELEASING = YES;
				CLANG_WARN_BOOL_CONVERSION = YES;
				CLANG_WARN_COMMA = YES;
				CLANG_WARN_CONSTANT_CONVERSION = YES;
				CLANG_WARN_DEPRECATED_OBJC_IMPLEMENTATIONS = YES;
				CLANG_WARN_DIRECT_OBJC_ISA_USAGE = YES_ERROR;
				CLANG_WARN_DOCUMENTATION_COMMENTS = YES;
				CLANG_WARN_EMPTY_BODY = YES;
				CLANG_WARN_ENUM_CONVERSION = YES;
				CLANG_WARN_INFINITE_RECURSION = YES;
				CLANG_WARN_INT_CONVERSION = YES;
				CLANG_WARN_NON_LITERAL_NULL_CONVERSION = YES;
				CLANG_WARN_OBJC_IMPLICIT_RETAIN_SELF = YES;
				CLANG_WARN_OBJC_LITERAL_CONVERSION = YES;
				CLANG_WARN_OBJC_ROOT_CLASS = YES_ERROR;
				CLANG_WARN_QUOTED_INCLUDE_IN_FRAMEWORK_HEADER = YES;
				CLANG_WARN_RANGE_LOOP_ANALYSIS = YES;
				CLANG_WARN_STRICT_PROTOTYPES = YES;
				CLANG_WARN_SUSPICIOUS_MOVE = YES;
				CLANG_WARN_UNGUARDED_AVAILABILITY = YES_AGGRESSIVE;
				CLANG_WARN_UNREACHABLE_CODE = YES;
				CLANG_WARN__DUPLICATE_METHOD_MATCH = YES;
				COPY_PHASE_STRIP = NO;
				DEBUG_INFORMATION_FORMAT = "dwarf-with-dsym";
				ENABLE_NS_ASSERTIONS = NO;
				ENABLE_STRICT_OBJC_MSGSEND = YES;
				ENABLE_USER_SCRIPT_SANDBOXING = YES;
				GCC_C_LANGUAGE_STANDARD = gnu17;
				GCC_NO_COMMON_BLOCKS = YES;
				GCC_WARN_64_TO_32_BIT_CONVERSION = YES;
				GCC_WARN_ABOUT_RETURN_TYPE = YES_ERROR;
				GCC_WARN_UNDECLARED_SELECTOR = YES;
				GCC_WARN_UNINITIALIZED_AUTOS = YES_AGGRESSIVE;
				GCC_WARN_UNUSED_FUNCTION = YES;
				GCC_WARN_UNUSED_VARIABLE = YES;
				IPHONEOS_DEPLOYMENT_TARGET = 17.0;
				LOCALIZATION_PREFERS_STRING_CATALOGS = YES;
				MTL_ENABLE_DEBUG_INFO = NO;
				MTL_FAST_MATH = YES;
				SDKROOT = iphoneos;
				SWIFT_COMPILATION_MODE = wholemodule;
				VALIDATE_PRODUCT = YES;
			};
			name = Release;
		};
		F2FD43882AE825020068A5CB /* Debug */ = {
			isa = XCBuildConfiguration;
			buildSettings = {
				ASSETCATALOG_COMPILER_APPICON_NAME = AppIcon;
				ASSETCATALOG_COMPILER_GLOBAL_ACCENT_COLOR_NAME = AccentColor;
				CODE_SIGN_STYLE = Automatic;
				CURRENT_PROJECT_VERSION = 1;
				DEVELOPMENT_TEAM = HS3N4SX6NK;
				GENERATE_INFOPLIST_FILE = YES;
				INFOPLIST_FILE = NoteMe/App/Info.plist;
				INFOPLIST_KEY_CFBundleDisplayName = "Note me";
				INFOPLIST_KEY_LSApplicationCategoryType = "public.app-category.lifestyle";
				INFOPLIST_KEY_UIApplicationSupportsIndirectInputEvents = YES;
				INFOPLIST_KEY_UILaunchStoryboardName = LaunchScreen;
				INFOPLIST_KEY_UIStatusBarStyle = UIStatusBarStyleLightContent;
				INFOPLIST_KEY_UISupportedInterfaceOrientations = UIInterfaceOrientationPortrait;
				IPHONEOS_DEPLOYMENT_TARGET = 13.0;
				LD_RUNPATH_SEARCH_PATHS = (
					"$(inherited)",
					"@executable_path/Frameworks",
				);
				MARKETING_VERSION = 1.0;
				PRODUCT_BUNDLE_IDENTIFIER = egorpetkevich.NoteMe;
				PRODUCT_NAME = "$(TARGET_NAME)";
				SWIFT_EMIT_LOC_STRINGS = YES;
				SWIFT_VERSION = 5.0;
				TARGETED_DEVICE_FAMILY = "1,2";
			};
			name = Debug;
		};
		F2FD43892AE825020068A5CB /* Release */ = {
			isa = XCBuildConfiguration;
			buildSettings = {
				ASSETCATALOG_COMPILER_APPICON_NAME = AppIcon;
				ASSETCATALOG_COMPILER_GLOBAL_ACCENT_COLOR_NAME = AccentColor;
				CODE_SIGN_STYLE = Automatic;
				CURRENT_PROJECT_VERSION = 1;
				DEVELOPMENT_TEAM = HS3N4SX6NK;
				GENERATE_INFOPLIST_FILE = YES;
				INFOPLIST_FILE = NoteMe/App/Info.plist;
				INFOPLIST_KEY_CFBundleDisplayName = "Note me";
				INFOPLIST_KEY_LSApplicationCategoryType = "public.app-category.lifestyle";
				INFOPLIST_KEY_UIApplicationSupportsIndirectInputEvents = YES;
				INFOPLIST_KEY_UILaunchStoryboardName = LaunchScreen;
				INFOPLIST_KEY_UIStatusBarStyle = UIStatusBarStyleLightContent;
				INFOPLIST_KEY_UISupportedInterfaceOrientations = UIInterfaceOrientationPortrait;
				IPHONEOS_DEPLOYMENT_TARGET = 13.0;
				LD_RUNPATH_SEARCH_PATHS = (
					"$(inherited)",
					"@executable_path/Frameworks",
				);
				MARKETING_VERSION = 1.0;
				PRODUCT_BUNDLE_IDENTIFIER = egorpetkevich.NoteMe;
				PRODUCT_NAME = "$(TARGET_NAME)";
				SWIFT_EMIT_LOC_STRINGS = YES;
				SWIFT_VERSION = 5.0;
				TARGETED_DEVICE_FAMILY = "1,2";
			};
			name = Release;
		};
/* End XCBuildConfiguration section */

/* Begin XCConfigurationList section */
		F2FD436E2AE825000068A5CB /* Build configuration list for PBXProject "NoteMe" */ = {
			isa = XCConfigurationList;
			buildConfigurations = (
				F2FD43852AE825020068A5CB /* Debug */,
				F2FD43862AE825020068A5CB /* Release */,
			);
			defaultConfigurationIsVisible = 0;
			defaultConfigurationName = Release;
		};
		F2FD43872AE825020068A5CB /* Build configuration list for PBXNativeTarget "NoteMe" */ = {
			isa = XCConfigurationList;
			buildConfigurations = (
				F2FD43882AE825020068A5CB /* Debug */,
				F2FD43892AE825020068A5CB /* Release */,
			);
			defaultConfigurationIsVisible = 0;
			defaultConfigurationName = Release;
		};
/* End XCConfigurationList section */

/* Begin XCRemoteSwiftPackageReference section */
		F2FD43932AE83B2B0068A5CB /* XCRemoteSwiftPackageReference "SnapKit" */ = {
			isa = XCRemoteSwiftPackageReference;
			repositoryURL = "https://github.com/SnapKit/SnapKit.git";
			requirement = {
				kind = upToNextMajorVersion;
				minimumVersion = 5.6.0;
			};
		};
/* End XCRemoteSwiftPackageReference section */

/* Begin XCSwiftPackageProductDependency section */
		F2FD43942AE83B2B0068A5CB /* SnapKit */ = {
			isa = XCSwiftPackageProductDependency;
			package = F2FD43932AE83B2B0068A5CB /* XCRemoteSwiftPackageReference "SnapKit" */;
			productName = SnapKit;
		};
		F2FD43962AE83B2B0068A5CB /* SnapKit-Dynamic */ = {
			isa = XCSwiftPackageProductDependency;
			package = F2FD43932AE83B2B0068A5CB /* XCRemoteSwiftPackageReference "SnapKit" */;
			productName = "SnapKit-Dynamic";
		};
/* End XCSwiftPackageProductDependency section */
	};
	rootObject = F2FD436B2AE825000068A5CB /* Project object */;
}
