// !$*UTF8*$!
{
	archiveVersion = 1;
	classes = {
	};
	objectVersion = 56;
	objects = {

/* Begin PBXBuildFile section */
		F2F3EA5F2AF15F710019445B /* View+Layer.swift in Sources */ = {isa = PBXBuildFile; fileRef = F2F3EA5E2AF15F710019445B /* View+Layer.swift */; };
		F2F3EA622AF160440019445B /* UIButton+Styles.swift in Sources */ = {isa = PBXBuildFile; fileRef = F2F3EA612AF160440019445B /* UIButton+Styles.swift */; };
		F2F3EA652AF16ECA0019445B /* LineTextField.swift in Sources */ = {isa = PBXBuildFile; fileRef = F2F3EA642AF16ECA0019445B /* LineTextField.swift */; };
		F2F3EA682AF55E3D0019445B /* SingInVC.swift in Sources */ = {isa = PBXBuildFile; fileRef = F2F3EA672AF55E3D0019445B /* SingInVC.swift */; };
		F2F3EA6B2AF564E00019445B /* ResetPasswordVC.swift in Sources */ = {isa = PBXBuildFile; fileRef = F2F3EA6A2AF564E00019445B /* ResetPasswordVC.swift */; };
		F2F3EA6F2AF69B720019445B /* Localizable.strings in Resources */ = {isa = PBXBuildFile; fileRef = F2F3EA712AF69B720019445B /* Localizable.strings */; };
		F2F3EA742AF6ACDC0019445B /* String+Locale.swift in Sources */ = {isa = PBXBuildFile; fileRef = F2F3EA732AF6ACDC0019445B /* String+Locale.swift */; };
		F2FD43772AE825000068A5CB /* AppDelegate.swift in Sources */ = {isa = PBXBuildFile; fileRef = F2FD43762AE825000068A5CB /* AppDelegate.swift */; };
		F2FD43792AE825000068A5CB /* SceneDelegate.swift in Sources */ = {isa = PBXBuildFile; fileRef = F2FD43782AE825000068A5CB /* SceneDelegate.swift */; };
		F2FD43802AE825020068A5CB /* Assets.xcassets in Resources */ = {isa = PBXBuildFile; fileRef = F2FD437F2AE825020068A5CB /* Assets.xcassets */; };
		F2FD43832AE825020068A5CB /* LaunchScreen.storyboard in Resources */ = {isa = PBXBuildFile; fileRef = F2FD43812AE825020068A5CB /* LaunchScreen.storyboard */; };
		F2FD438E2AE82E810068A5CB /* UIColor+Consts.swift in Sources */ = {isa = PBXBuildFile; fileRef = F2FD438D2AE82E810068A5CB /* UIColor+Consts.swift */; };
		F2FD43902AE834E70068A5CB /* UIFont+Consts.swift in Sources */ = {isa = PBXBuildFile; fileRef = F2FD438F2AE834E70068A5CB /* UIFont+Consts.swift */; };
		F2FD43922AE838290068A5CB /* UIImage+Consts.swift in Sources */ = {isa = PBXBuildFile; fileRef = F2FD43912AE838290068A5CB /* UIImage+Consts.swift */; };
		F2FD43952AE83B2B0068A5CB /* SnapKit in Frameworks */ = {isa = PBXBuildFile; productRef = F2FD43942AE83B2B0068A5CB /* SnapKit */; };
		F2FD43972AE83B2B0068A5CB /* SnapKit-Dynamic in Frameworks */ = {isa = PBXBuildFile; productRef = F2FD43962AE83B2B0068A5CB /* SnapKit-Dynamic */; };
		F2FD439E2AE83DE10068A5CB /* LoginVC.swift in Sources */ = {isa = PBXBuildFile; fileRef = F2FD439D2AE83DE10068A5CB /* LoginVC.swift */; };
		F2FD43A02AE9BA330068A5CB /* UILabel+Styles.swift in Sources */ = {isa = PBXBuildFile; fileRef = F2FD439F2AE9BA330068A5CB /* UILabel+Styles.swift */; };
		F2FD43A22AE9BB720068A5CB /* UIView+Styles.swift in Sources */ = {isa = PBXBuildFile; fileRef = F2FD43A12AE9BB720068A5CB /* UIView+Styles.swift */; };
/* End PBXBuildFile section */

/* Begin PBXFileReference section */
		F2F3EA5E2AF15F710019445B /* View+Layer.swift */ = {isa = PBXFileReference; lastKnownFileType = sourcecode.swift; path = "View+Layer.swift"; sourceTree = "<group>"; };
		F2F3EA612AF160440019445B /* UIButton+Styles.swift */ = {isa = PBXFileReference; lastKnownFileType = sourcecode.swift; path = "UIButton+Styles.swift"; sourceTree = "<group>"; };
		F2F3EA642AF16ECA0019445B /* LineTextField.swift */ = {isa = PBXFileReference; lastKnownFileType = sourcecode.swift; path = LineTextField.swift; sourceTree = "<group>"; };
		F2F3EA672AF55E3D0019445B /* SingInVC.swift */ = {isa = PBXFileReference; lastKnownFileType = sourcecode.swift; path = SingInVC.swift; sourceTree = "<group>"; };
		F2F3EA6A2AF564E00019445B /* ResetPasswordVC.swift */ = {isa = PBXFileReference; lastKnownFileType = sourcecode.swift; path = ResetPasswordVC.swift; sourceTree = "<group>"; };
		F2F3EA702AF69B720019445B /* en */ = {isa = PBXFileReference; lastKnownFileType = text.plist.strings; name = en; path = en.lproj/Localizable.strings; sourceTree = "<group>"; };
		F2F3EA722AF69C4E0019445B /* ru */ = {isa = PBXFileReference; lastKnownFileType = text.plist.strings; name = ru; path = ru.lproj/Localizable.strings; sourceTree = "<group>"; };
		F2F3EA732AF6ACDC0019445B /* String+Locale.swift */ = {isa = PBXFileReference; lastKnownFileType = sourcecode.swift; path = "String+Locale.swift"; sourceTree = "<group>"; };
		F2FD43732AE825000068A5CB /* NoteMe.app */ = {isa = PBXFileReference; explicitFileType = wrapper.application; includeInIndex = 0; path = NoteMe.app; sourceTree = BUILT_PRODUCTS_DIR; };
		F2FD43762AE825000068A5CB /* AppDelegate.swift */ = {isa = PBXFileReference; lastKnownFileType = sourcecode.swift; path = AppDelegate.swift; sourceTree = "<group>"; };
		F2FD43782AE825000068A5CB /* SceneDelegate.swift */ = {isa = PBXFileReference; lastKnownFileType = sourcecode.swift; path = SceneDelegate.swift; sourceTree = "<group>"; };
		F2FD437F2AE825020068A5CB /* Assets.xcassets */ = {isa = PBXFileReference; lastKnownFileType = folder.assetcatalog; path = Assets.xcassets; sourceTree = "<group>"; };
		F2FD43822AE825020068A5CB /* Base */ = {isa = PBXFileReference; lastKnownFileType = file.storyboard; name = Base; path = Base.lproj/LaunchScreen.storyboard; sourceTree = "<group>"; };
		F2FD43842AE825020068A5CB /* Info.plist */ = {isa = PBXFileReference; lastKnownFileType = text.plist.xml; path = Info.plist; sourceTree = "<group>"; };
		F2FD438D2AE82E810068A5CB /* UIColor+Consts.swift */ = {isa = PBXFileReference; lastKnownFileType = sourcecode.swift; path = "UIColor+Consts.swift"; sourceTree = "<group>"; };
		F2FD438F2AE834E70068A5CB /* UIFont+Consts.swift */ = {isa = PBXFileReference; lastKnownFileType = sourcecode.swift; path = "UIFont+Consts.swift"; sourceTree = "<group>"; };
		F2FD43912AE838290068A5CB /* UIImage+Consts.swift */ = {isa = PBXFileReference; lastKnownFileType = sourcecode.swift; path = "UIImage+Consts.swift"; sourceTree = "<group>"; };
		F2FD439D2AE83DE10068A5CB /* LoginVC.swift */ = {isa = PBXFileReference; lastKnownFileType = sourcecode.swift; path = LoginVC.swift; sourceTree = "<group>"; };
		F2FD439F2AE9BA330068A5CB /* UILabel+Styles.swift */ = {isa = PBXFileReference; lastKnownFileType = sourcecode.swift; path = "UILabel+Styles.swift"; sourceTree = "<group>"; };
		F2FD43A12AE9BB720068A5CB /* UIView+Styles.swift */ = {isa = PBXFileReference; lastKnownFileType = sourcecode.swift; path = "UIView+Styles.swift"; sourceTree = "<group>"; };
/* End PBXFileReference section */

/* Begin PBXFrameworksBuildPhase section */
		F2FD43702AE825000068A5CB /* Frameworks */ = {
			isa = PBXFrameworksBuildPhase;
			buildActionMask = 2147483647;
			files = (
				F2FD43952AE83B2B0068A5CB /* SnapKit in Frameworks */,
				F2FD43972AE83B2B0068A5CB /* SnapKit-Dynamic in Frameworks */,
			);
			runOnlyForDeploymentPostprocessing = 0;
		};
/* End PBXFrameworksBuildPhase section */

/* Begin PBXGroup section */
		F2F3EA5D2AF15F560019445B /* Utiles */ = {
			isa = PBXGroup;
			children = (
				F2F3EA5E2AF15F710019445B /* View+Layer.swift */,
				F2F3EA732AF6ACDC0019445B /* String+Locale.swift */,
			);
			path = Utiles;
			sourceTree = "<group>";
		};
		F2F3EA602AF160220019445B /* Style */ = {
			isa = PBXGroup;
			children = (
				F2F3EA612AF160440019445B /* UIButton+Styles.swift */,
				F2FD439F2AE9BA330068A5CB /* UILabel+Styles.swift */,
				F2FD43A12AE9BB720068A5CB /* UIView+Styles.swift */,
			);
			path = Style;
			sourceTree = "<group>";
		};
		F2F3EA632AF16E9C0019445B /* Castom */ = {
			isa = PBXGroup;
			children = (
				F2F3EA642AF16ECA0019445B /* LineTextField.swift */,
			);
			path = Castom;
			sourceTree = "<group>";
		};
		F2F3EA662AF55D9F0019445B /* SingIn */ = {
			isa = PBXGroup;
			children = (
				F2F3EA672AF55E3D0019445B /* SingInVC.swift */,
			);
			path = SingIn;
			sourceTree = "<group>";
		};
		F2F3EA692AF564BA0019445B /* ResetPassword */ = {
			isa = PBXGroup;
			children = (
				F2F3EA6A2AF564E00019445B /* ResetPasswordVC.swift */,
			);
			path = ResetPassword;
			sourceTree = "<group>";
		};
		F2F3EA6C2AF69A390019445B /* Localize */ = {
			isa = PBXGroup;
			children = (
				F2F3EA712AF69B720019445B /* Localizable.strings */,
			);
			path = Localize;
			sourceTree = "<group>";
		};
		F2FD436A2AE825000068A5CB = {
			isa = PBXGroup;
			children = (
				F2FD43752AE825000068A5CB /* NoteMe */,
				F2FD43812AE825020068A5CB /* LaunchScreen.storyboard */,
				F2FD43742AE825000068A5CB /* Products */,
			);
			sourceTree = "<group>";
		};
		F2FD43742AE825000068A5CB /* Products */ = {
			isa = PBXGroup;
			children = (
				F2FD43732AE825000068A5CB /* NoteMe.app */,
			);
			name = Products;
			sourceTree = "<group>";
		};
		F2FD43752AE825000068A5CB /* NoteMe */ = {
			isa = PBXGroup;
			children = (
				F2FD438A2AE82D2A0068A5CB /* App */,
				F2F3EA632AF16E9C0019445B /* Castom */,
				F2FD43982AE83D880068A5CB /* Modules */,
				F2FD438B2AE82DE70068A5CB /* Resourse */,
				F2F3EA602AF160220019445B /* Style */,
				F2F3EA5D2AF15F560019445B /* Utiles */,
			);
			path = NoteMe;
			sourceTree = "<group>";
		};
		F2FD438A2AE82D2A0068A5CB /* App */ = {
			isa = PBXGroup;
			children = (
				F2FD43762AE825000068A5CB /* AppDelegate.swift */,
				F2FD43782AE825000068A5CB /* SceneDelegate.swift */,
				F2FD43842AE825020068A5CB /* Info.plist */,
			);
			path = App;
			sourceTree = "<group>";
		};
		F2FD438B2AE82DE70068A5CB /* Resourse */ = {
			isa = PBXGroup;
			children = (
				F2FD437F2AE825020068A5CB /* Assets.xcassets */,
				F2FD438C2AE82E3B0068A5CB /* Consts */,
				F2F3EA6C2AF69A390019445B /* Localize */,
			);
			path = Resourse;
			sourceTree = "<group>";
		};
		F2FD438C2AE82E3B0068A5CB /* Consts */ = {
			isa = PBXGroup;
			children = (
				F2FD438D2AE82E810068A5CB /* UIColor+Consts.swift */,
				F2FD438F2AE834E70068A5CB /* UIFont+Consts.swift */,
				F2FD43912AE838290068A5CB /* UIImage+Consts.swift */,
			);
			path = Consts;
			sourceTree = "<group>";
		};
		F2FD43982AE83D880068A5CB /* Modules */ = {
			isa = PBXGroup;
			children = (
				F2FD439B2AE83DBF0068A5CB /* Auth */,
			);
			path = Modules;
			sourceTree = "<group>";
		};
		F2FD439B2AE83DBF0068A5CB /* Auth */ = {
			isa = PBXGroup;
			children = (
				F2FD439C2AE83DCA0068A5CB /* Login */,
				F2F3EA662AF55D9F0019445B /* SingIn */,
				F2F3EA692AF564BA0019445B /* ResetPassword */,
			);
			path = Auth;
			sourceTree = "<group>";
		};
		F2FD439C2AE83DCA0068A5CB /* Login */ = {
			isa = PBXGroup;
			children = (
				F2FD439D2AE83DE10068A5CB /* LoginVC.swift */,
			);
			path = Login;
			sourceTree = "<group>";
		};
/* End PBXGroup section */

/* Begin PBXNativeTarget section */
		F2FD43722AE825000068A5CB /* NoteMe */ = {
			isa = PBXNativeTarget;
			buildConfigurationList = F2FD43872AE825020068A5CB /* Build configuration list for PBXNativeTarget "NoteMe" */;
			buildPhases = (
				F2FD436F2AE825000068A5CB /* Sources */,
				F2FD43702AE825000068A5CB /* Frameworks */,
				F2FD43712AE825000068A5CB /* Resources */,
			);
			buildRules = (
			);
			dependencies = (
			);
			name = NoteMe;
			packageProductDependencies = (
				F2FD43942AE83B2B0068A5CB /* SnapKit */,
				F2FD43962AE83B2B0068A5CB /* SnapKit-Dynamic */,
			);
			productName = NoteMe;
			productReference = F2FD43732AE825000068A5CB /* NoteMe.app */;
			productType = "com.apple.product-type.application";
		};
/* End PBXNativeTarget section */

/* Begin PBXProject section */
		F2FD436B2AE825000068A5CB /* Project object */ = {
			isa = PBXProject;
			attributes = {
				BuildIndependentTargetsInParallel = 1;
				LastSwiftUpdateCheck = 1500;
				LastUpgradeCheck = 1500;
				TargetAttributes = {
					F2FD43722AE825000068A5CB = {
						CreatedOnToolsVersion = 15.0;
					};
				};
			};
			buildConfigurationList = F2FD436E2AE825000068A5CB /* Build configuration list for PBXProject "NoteMe" */;
			compatibilityVersion = "Xcode 14.0";
			developmentRegion = en;
			hasScannedForEncodings = 0;
			knownRegions = (
				en,
				Base,
				ru,
			);
			mainGroup = F2FD436A2AE825000068A5CB;
			packageReferences = (
				F2FD43932AE83B2B0068A5CB /* XCRemoteSwiftPackageReference "SnapKit" */,
			);
			productRefGroup = F2FD43742AE825000068A5CB /* Products */;
			projectDirPath = "";
			projectRoot = "";
			targets = (
				F2FD43722AE825000068A5CB /* NoteMe */,
			);
		};
/* End PBXProject section */

/* Begin PBXResourcesBuildPhase section */
		F2FD43712AE825000068A5CB /* Resources */ = {
			isa = PBXResourcesBuildPhase;
			buildActionMask = 2147483647;
			files = (
				F2FD43832AE825020068A5CB /* LaunchScreen.storyboard in Resources */,
				F2F3EA6F2AF69B720019445B /* Localizable.strings in Resources */,
				F2FD43802AE825020068A5CB /* Assets.xcassets in Resources */,
			);
			runOnlyForDeploymentPostprocessing = 0;
		};
/* End PBXResourcesBuildPhase section */

/* Begin PBXSourcesBuildPhase section */
		F2FD436F2AE825000068A5CB /* Sources */ = {
			isa = PBXSourcesBuildPhase;
			buildActionMask = 2147483647;
			files = (
				F2FD43A02AE9BA330068A5CB /* UILabel+Styles.swift in Sources */,
				F2F3EA6B2AF564E00019445B /* ResetPasswordVC.swift in Sources */,
				F2FD43922AE838290068A5CB /* UIImage+Consts.swift in Sources */,
				F2FD43902AE834E70068A5CB /* UIFont+Consts.swift in Sources */,
				F2FD439E2AE83DE10068A5CB /* LoginVC.swift in Sources */,
				F2FD43A22AE9BB720068A5CB /* UIView+Styles.swift in Sources */,
				F2FD43772AE825000068A5CB /* AppDelegate.swift in Sources */,
				F2F3EA622AF160440019445B /* UIButton+Styles.swift in Sources */,
				F2F3EA742AF6ACDC0019445B /* String+Locale.swift in Sources */,
				F2F3EA652AF16ECA0019445B /* LineTextField.swift in Sources */,
				F2FD438E2AE82E810068A5CB /* UIColor+Consts.swift in Sources */,
				F2F3EA5F2AF15F710019445B /* View+Layer.swift in Sources */,
				F2F3EA682AF55E3D0019445B /* SingInVC.swift in Sources */,
				F2FD43792AE825000068A5CB /* SceneDelegate.swift in Sources */,
			);
			runOnlyForDeploymentPostprocessing = 0;
		};
/* End PBXSourcesBuildPhase section */

/* Begin PBXVariantGroup section */
		F2F3EA712AF69B720019445B /* Localizable.strings */ = {
			isa = PBXVariantGroup;
			children = (
				F2F3EA702AF69B720019445B /* en */,
				F2F3EA722AF69C4E0019445B /* ru */,
			);
			name = Localizable.strings;
			sourceTree = "<group>";
		};
		F2FD43812AE825020068A5CB /* LaunchScreen.storyboard */ = {
			isa = PBXVariantGroup;
			children = (
				F2FD43822AE825020068A5CB /* Base */,
			);
			name = LaunchScreen.storyboard;
			sourceTree = "<group>";
		};
/* End PBXVariantGroup section */

/* Begin XCBuildConfiguration section */
		F2FD43852AE825020068A5CB /* Debug */ = {
			isa = XCBuildConfiguration;
			buildSettings = {
				ALWAYS_SEARCH_USER_PATHS = NO;
				ASSETCATALOG_COMPILER_GENERATE_SWIFT_ASSET_SYMBOL_EXTENSIONS = YES;
				CLANG_ANALYZER_LOCALIZABILITY_NONLOCALIZED = YES;
				CLANG_ANALYZER_NONNULL = YES;
				CLANG_ANALYZER_NUMBER_OBJECT_CONVERSION = YES_AGGRESSIVE;
				CLANG_CXX_LANGUAGE_STANDARD = "gnu++20";
				CLANG_ENABLE_MODULES = YES;
				CLANG_ENABLE_OBJC_ARC = YES;
				CLANG_ENABLE_OBJC_WEAK = YES;
				CLANG_WARN_BLOCK_CAPTURE_AUTORELEASING = YES;
				CLANG_WARN_BOOL_CONVERSION = YES;
				CLANG_WARN_COMMA = YES;
				CLANG_WARN_CONSTANT_CONVERSION = YES;
				CLANG_WARN_DEPRECATED_OBJC_IMPLEMENTATIONS = YES;
				CLANG_WARN_DIRECT_OBJC_ISA_USAGE = YES_ERROR;
				CLANG_WARN_DOCUMENTATION_COMMENTS = YES;
				CLANG_WARN_EMPTY_BODY = YES;
				CLANG_WARN_ENUM_CONVERSION = YES;
				CLANG_WARN_INFINITE_RECURSION = YES;
				CLANG_WARN_INT_CONVERSION = YES;
				CLANG_WARN_NON_LITERAL_NULL_CONVERSION = YES;
				CLANG_WARN_OBJC_IMPLICIT_RETAIN_SELF = YES;
				CLANG_WARN_OBJC_LITERAL_CONVERSION = YES;
				CLANG_WARN_OBJC_ROOT_CLASS = YES_ERROR;
				CLANG_WARN_QUOTED_INCLUDE_IN_FRAMEWORK_HEADER = YES;
				CLANG_WARN_RANGE_LOOP_ANALYSIS = YES;
				CLANG_WARN_STRICT_PROTOTYPES = YES;
				CLANG_WARN_SUSPICIOUS_MOVE = YES;
				CLANG_WARN_UNGUARDED_AVAILABILITY = YES_AGGRESSIVE;
				CLANG_WARN_UNREACHABLE_CODE = YES;
				CLANG_WARN__DUPLICATE_METHOD_MATCH = YES;
				COPY_PHASE_STRIP = NO;
				DEBUG_INFORMATION_FORMAT = dwarf;
				ENABLE_STRICT_OBJC_MSGSEND = YES;
				ENABLE_TESTABILITY = YES;
				ENABLE_USER_SCRIPT_SANDBOXING = YES;
				GCC_C_LANGUAGE_STANDARD = gnu17;
				GCC_DYNAMIC_NO_PIC = NO;
				GCC_NO_COMMON_BLOCKS = YES;
				GCC_OPTIMIZATION_LEVEL = 0;
				GCC_PREPROCESSOR_DEFINITIONS = (
					"DEBUG=1",
					"$(inherited)",
				);
				GCC_WARN_64_TO_32_BIT_CONVERSION = YES;
				GCC_WARN_ABOUT_RETURN_TYPE = YES_ERROR;
				GCC_WARN_UNDECLARED_SELECTOR = YES;
				GCC_WARN_UNINITIALIZED_AUTOS = YES_AGGRESSIVE;
				GCC_WARN_UNUSED_FUNCTION = YES;
				GCC_WARN_UNUSED_VARIABLE = YES;
				IPHONEOS_DEPLOYMENT_TARGET = 17.0;
				LOCALIZATION_PREFERS_STRING_CATALOGS = YES;
				MTL_ENABLE_DEBUG_INFO = INCLUDE_SOURCE;
				MTL_FAST_MATH = YES;
				ONLY_ACTIVE_ARCH = YES;
				SDKROOT = iphoneos;
				SWIFT_ACTIVE_COMPILATION_CONDITIONS = "DEBUG $(inherited)";
				SWIFT_OPTIMIZATION_LEVEL = "-Onone";
			};
			name = Debug;
		};
		F2FD43862AE825020068A5CB /* Release */ = {
			isa = XCBuildConfiguration;
			buildSettings = {
				ALWAYS_SEARCH_USER_PATHS = NO;
				ASSETCATALOG_COMPILER_GENERATE_SWIFT_ASSET_SYMBOL_EXTENSIONS = YES;
				CLANG_ANALYZER_LOCALIZABILITY_NONLOCALIZED = YES;
				CLANG_ANALYZER_NONNULL = YES;
				CLANG_ANALYZER_NUMBER_OBJECT_CONVERSION = YES_AGGRESSIVE;
				CLANG_CXX_LANGUAGE_STANDARD = "gnu++20";
				CLANG_ENABLE_MODULES = YES;
				CLANG_ENABLE_OBJC_ARC = YES;
				CLANG_ENABLE_OBJC_WEAK = YES;
				CLANG_WARN_BLOCK_CAPTURE_AUTORELEASING = YES;
				CLANG_WARN_BOOL_CONVERSION = YES;
				CLANG_WARN_COMMA = YES;
				CLANG_WARN_CONSTANT_CONVERSION = YES;
				CLANG_WARN_DEPRECATED_OBJC_IMPLEMENTATIONS = YES;
				CLANG_WARN_DIRECT_OBJC_ISA_USAGE = YES_ERROR;
				CLANG_WARN_DOCUMENTATION_COMMENTS = YES;
				CLANG_WARN_EMPTY_BODY = YES;
				CLANG_WARN_ENUM_CONVERSION = YES;
				CLANG_WARN_INFINITE_RECURSION = YES;
				CLANG_WARN_INT_CONVERSION = YES;
				CLANG_WARN_NON_LITERAL_NULL_CONVERSION = YES;
				CLANG_WARN_OBJC_IMPLICIT_RETAIN_SELF = YES;
				CLANG_WARN_OBJC_LITERAL_CONVERSION = YES;
				CLANG_WARN_OBJC_ROOT_CLASS = YES_ERROR;
				CLANG_WARN_QUOTED_INCLUDE_IN_FRAMEWORK_HEADER = YES;
				CLANG_WARN_RANGE_LOOP_ANALYSIS = YES;
				CLANG_WARN_STRICT_PROTOTYPES = YES;
				CLANG_WARN_SUSPICIOUS_MOVE = YES;
				CLANG_WARN_UNGUARDED_AVAILABILITY = YES_AGGRESSIVE;
				CLANG_WARN_UNREACHABLE_CODE = YES;
				CLANG_WARN__DUPLICATE_METHOD_MATCH = YES;
				COPY_PHASE_STRIP = NO;
				DEBUG_INFORMATION_FORMAT = "dwarf-with-dsym";
				ENABLE_NS_ASSERTIONS = NO;
				ENABLE_STRICT_OBJC_MSGSEND = YES;
				ENABLE_USER_SCRIPT_SANDBOXING = YES;
				GCC_C_LANGUAGE_STANDARD = gnu17;
				GCC_NO_COMMON_BLOCKS = YES;
				GCC_WARN_64_TO_32_BIT_CONVERSION = YES;
				GCC_WARN_ABOUT_RETURN_TYPE = YES_ERROR;
				GCC_WARN_UNDECLARED_SELECTOR = YES;
				GCC_WARN_UNINITIALIZED_AUTOS = YES_AGGRESSIVE;
				GCC_WARN_UNUSED_FUNCTION = YES;
				GCC_WARN_UNUSED_VARIABLE = YES;
				IPHONEOS_DEPLOYMENT_TARGET = 17.0;
				LOCALIZATION_PREFERS_STRING_CATALOGS = YES;
				MTL_ENABLE_DEBUG_INFO = NO;
				MTL_FAST_MATH = YES;
				SDKROOT = iphoneos;
				SWIFT_COMPILATION_MODE = wholemodule;
				VALIDATE_PRODUCT = YES;
			};
			name = Release;
		};
		F2FD43882AE825020068A5CB /* Debug */ = {
			isa = XCBuildConfiguration;
			buildSettings = {
				ASSETCATALOG_COMPILER_APPICON_NAME = AppIcon;
				ASSETCATALOG_COMPILER_GLOBAL_ACCENT_COLOR_NAME = AccentColor;
				CODE_SIGN_STYLE = Automatic;
				CURRENT_PROJECT_VERSION = 1;
				DEVELOPMENT_TEAM = HS3N4SX6NK;
				GENERATE_INFOPLIST_FILE = YES;
				INFOPLIST_FILE = NoteMe/App/Info.plist;
				INFOPLIST_KEY_CFBundleDisplayName = "Note me";
				INFOPLIST_KEY_LSApplicationCategoryType = "public.app-category.lifestyle";
				INFOPLIST_KEY_UIApplicationSupportsIndirectInputEvents = YES;
				INFOPLIST_KEY_UILaunchStoryboardName = LaunchScreen;
				INFOPLIST_KEY_UIStatusBarStyle = UIStatusBarStyleLightContent;
				INFOPLIST_KEY_UISupportedInterfaceOrientations = UIInterfaceOrientationPortrait;
				IPHONEOS_DEPLOYMENT_TARGET = 13.0;
				LD_RUNPATH_SEARCH_PATHS = (
					"$(inherited)",
					"@executable_path/Frameworks",
				);
				MARKETING_VERSION = 1.0;
				PRODUCT_BUNDLE_IDENTIFIER = egorpetkevich.NoteMe;
				PRODUCT_NAME = "$(TARGET_NAME)";
				SWIFT_EMIT_LOC_STRINGS = YES;
				SWIFT_VERSION = 5.0;
				TARGETED_DEVICE_FAMILY = "1,2";
			};
			name = Debug;
		};
		F2FD43892AE825020068A5CB /* Release */ = {
			isa = XCBuildConfiguration;
			buildSettings = {
				ASSETCATALOG_COMPILER_APPICON_NAME = AppIcon;
				ASSETCATALOG_COMPILER_GLOBAL_ACCENT_COLOR_NAME = AccentColor;
				CODE_SIGN_STYLE = Automatic;
				CURRENT_PROJECT_VERSION = 1;
				DEVELOPMENT_TEAM = HS3N4SX6NK;
				GENERATE_INFOPLIST_FILE = YES;
				INFOPLIST_FILE = NoteMe/App/Info.plist;
				INFOPLIST_KEY_CFBundleDisplayName = "Note me";
				INFOPLIST_KEY_LSApplicationCategoryType = "public.app-category.lifestyle";
				INFOPLIST_KEY_UIApplicationSupportsIndirectInputEvents = YES;
				INFOPLIST_KEY_UILaunchStoryboardName = LaunchScreen;
				INFOPLIST_KEY_UIStatusBarStyle = UIStatusBarStyleLightContent;
				INFOPLIST_KEY_UISupportedInterfaceOrientations = UIInterfaceOrientationPortrait;
				IPHONEOS_DEPLOYMENT_TARGET = 13.0;
				LD_RUNPATH_SEARCH_PATHS = (
					"$(inherited)",
					"@executable_path/Frameworks",
				);
				MARKETING_VERSION = 1.0;
				PRODUCT_BUNDLE_IDENTIFIER = egorpetkevich.NoteMe;
				PRODUCT_NAME = "$(TARGET_NAME)";
				SWIFT_EMIT_LOC_STRINGS = YES;
				SWIFT_VERSION = 5.0;
				TARGETED_DEVICE_FAMILY = "1,2";
			};
			name = Release;
		};
/* End XCBuildConfiguration section */

/* Begin XCConfigurationList section */
		F2FD436E2AE825000068A5CB /* Build configuration list for PBXProject "NoteMe" */ = {
			isa = XCConfigurationList;
			buildConfigurations = (
				F2FD43852AE825020068A5CB /* Debug */,
				F2FD43862AE825020068A5CB /* Release */,
			);
			defaultConfigurationIsVisible = 0;
			defaultConfigurationName = Release;
		};
		F2FD43872AE825020068A5CB /* Build configuration list for PBXNativeTarget "NoteMe" */ = {
			isa = XCConfigurationList;
			buildConfigurations = (
				F2FD43882AE825020068A5CB /* Debug */,
				F2FD43892AE825020068A5CB /* Release */,
			);
			defaultConfigurationIsVisible = 0;
			defaultConfigurationName = Release;
		};
/* End XCConfigurationList section */

/* Begin XCRemoteSwiftPackageReference section */
		F2FD43932AE83B2B0068A5CB /* XCRemoteSwiftPackageReference "SnapKit" */ = {
			isa = XCRemoteSwiftPackageReference;
			repositoryURL = "https://github.com/SnapKit/SnapKit.git";
			requirement = {
				kind = upToNextMajorVersion;
				minimumVersion = 5.6.0;
			};
		};
/* End XCRemoteSwiftPackageReference section */

/* Begin XCSwiftPackageProductDependency section */
		F2FD43942AE83B2B0068A5CB /* SnapKit */ = {
			isa = XCSwiftPackageProductDependency;
			package = F2FD43932AE83B2B0068A5CB /* XCRemoteSwiftPackageReference "SnapKit" */;
			productName = SnapKit;
		};
		F2FD43962AE83B2B0068A5CB /* SnapKit-Dynamic */ = {
			isa = XCSwiftPackageProductDependency;
			package = F2FD43932AE83B2B0068A5CB /* XCRemoteSwiftPackageReference "SnapKit" */;
			productName = "SnapKit-Dynamic";
		};
/* End XCSwiftPackageProductDependency section */
	};
	rootObject = F2FD436B2AE825000068A5CB /* Project object */;
}
